// !$*UTF8*$!
{
	archiveVersion = 1;
	classes = {
	};
	objectVersion = 55;
	objects = {

/* Begin PBXBuildFile section */
		835E3DD229ACBE030076FAD2 /* CreateNoteViewController.swift in Sources */ = {isa = PBXBuildFile; fileRef = 835E3DD129ACBE030076FAD2 /* CreateNoteViewController.swift */; };
		838742D729AB60C10096F033 /* AppDelegate.swift in Sources */ = {isa = PBXBuildFile; fileRef = 838742D629AB60C10096F033 /* AppDelegate.swift */; };
		838742D929AB60C10096F033 /* SceneDelegate.swift in Sources */ = {isa = PBXBuildFile; fileRef = 838742D829AB60C10096F033 /* SceneDelegate.swift */; };
		838742DB29AB60C10096F033 /* ViewController.swift in Sources */ = {isa = PBXBuildFile; fileRef = 838742DA29AB60C10096F033 /* ViewController.swift */; };
		838742DE29AB60C10096F033 /* Main.storyboard in Resources */ = {isa = PBXBuildFile; fileRef = 838742DC29AB60C10096F033 /* Main.storyboard */; };
		838742E129AB60C10096F033 /* TestCFT.xcdatamodeld in Sources */ = {isa = PBXBuildFile; fileRef = 838742DF29AB60C10096F033 /* TestCFT.xcdatamodeld */; };
		838742E329AB60C40096F033 /* Assets.xcassets in Resources */ = {isa = PBXBuildFile; fileRef = 838742E229AB60C40096F033 /* Assets.xcassets */; };
		838742E629AB60C40096F033 /* LaunchScreen.storyboard in Resources */ = {isa = PBXBuildFile; fileRef = 838742E429AB60C40096F033 /* LaunchScreen.storyboard */; };
		D8F847491C2A18ADE899BC48 /* Pods_TestCFT.framework in Frameworks */ = {isa = PBXBuildFile; fileRef = A9C3424A2E1B61BD6396798F /* Pods_TestCFT.framework */; };
/* End PBXBuildFile section */

/* Begin PBXFileReference section */
		124424E7C72D8957862D106B /* Pods-TestCFT.debug.xcconfig */ = {isa = PBXFileReference; includeInIndex = 1; lastKnownFileType = text.xcconfig; name = "Pods-TestCFT.debug.xcconfig"; path = "Target Support Files/Pods-TestCFT/Pods-TestCFT.debug.xcconfig"; sourceTree = "<group>"; };
		835E3DD129ACBE030076FAD2 /* CreateNoteViewController.swift */ = {isa = PBXFileReference; lastKnownFileType = sourcecode.swift; path = CreateNoteViewController.swift; sourceTree = "<group>"; };
		838742D329AB60C10096F033 /* TestCFT.app */ = {isa = PBXFileReference; explicitFileType = wrapper.application; includeInIndex = 0; path = TestCFT.app; sourceTree = BUILT_PRODUCTS_DIR; };
		838742D629AB60C10096F033 /* AppDelegate.swift */ = {isa = PBXFileReference; lastKnownFileType = sourcecode.swift; path = AppDelegate.swift; sourceTree = "<group>"; };
		838742D829AB60C10096F033 /* SceneDelegate.swift */ = {isa = PBXFileReference; lastKnownFileType = sourcecode.swift; path = SceneDelegate.swift; sourceTree = "<group>"; };
		838742DA29AB60C10096F033 /* ViewController.swift */ = {isa = PBXFileReference; lastKnownFileType = sourcecode.swift; path = ViewController.swift; sourceTree = "<group>"; };
		838742DD29AB60C10096F033 /* Base */ = {isa = PBXFileReference; lastKnownFileType = file.storyboard; name = Base; path = Base.lproj/Main.storyboard; sourceTree = "<group>"; };
		838742E029AB60C10096F033 /* TestCFT.xcdatamodel */ = {isa = PBXFileReference; lastKnownFileType = wrapper.xcdatamodel; path = TestCFT.xcdatamodel; sourceTree = "<group>"; };
		838742E229AB60C40096F033 /* Assets.xcassets */ = {isa = PBXFileReference; lastKnownFileType = folder.assetcatalog; path = Assets.xcassets; sourceTree = "<group>"; };
		838742E529AB60C40096F033 /* Base */ = {isa = PBXFileReference; lastKnownFileType = file.storyboard; name = Base; path = Base.lproj/LaunchScreen.storyboard; sourceTree = "<group>"; };
		838742E729AB60C40096F033 /* Info.plist */ = {isa = PBXFileReference; lastKnownFileType = text.plist.xml; path = Info.plist; sourceTree = "<group>"; };
		A9C3424A2E1B61BD6396798F /* Pods_TestCFT.framework */ = {isa = PBXFileReference; explicitFileType = wrapper.framework; includeInIndex = 0; path = Pods_TestCFT.framework; sourceTree = BUILT_PRODUCTS_DIR; };
		E8AEE782B36DA8305B7C3889 /* Pods-TestCFT.release.xcconfig */ = {isa = PBXFileReference; includeInIndex = 1; lastKnownFileType = text.xcconfig; name = "Pods-TestCFT.release.xcconfig"; path = "Target Support Files/Pods-TestCFT/Pods-TestCFT.release.xcconfig"; sourceTree = "<group>"; };
/* End PBXFileReference section */

/* Begin PBXFrameworksBuildPhase section */
		838742D029AB60C10096F033 /* Frameworks */ = {
			isa = PBXFrameworksBuildPhase;
			buildActionMask = 2147483647;
			files = (
				D8F847491C2A18ADE899BC48 /* Pods_TestCFT.framework in Frameworks */,
			);
			runOnlyForDeploymentPostprocessing = 0;
		};
/* End PBXFrameworksBuildPhase section */

/* Begin PBXGroup section */
		6FEEE795EE7577F2A3207126 /* Pods */ = {
			isa = PBXGroup;
			children = (
				124424E7C72D8957862D106B /* Pods-TestCFT.debug.xcconfig */,
				E8AEE782B36DA8305B7C3889 /* Pods-TestCFT.release.xcconfig */,
			);
			path = Pods;
			sourceTree = "<group>";
		};
		838742CA29AB60C10096F033 = {
			isa = PBXGroup;
			children = (
				838742D529AB60C10096F033 /* TestCFT */,
				838742D429AB60C10096F033 /* Products */,
				6FEEE795EE7577F2A3207126 /* Pods */,
				A53E81AFF98702F7A3888E54 /* Frameworks */,
			);
			sourceTree = "<group>";
		};
		838742D429AB60C10096F033 /* Products */ = {
			isa = PBXGroup;
			children = (
				838742D329AB60C10096F033 /* TestCFT.app */,
			);
			name = Products;
			sourceTree = "<group>";
		};
		838742D529AB60C10096F033 /* TestCFT */ = {
			isa = PBXGroup;
			children = (
				838742D629AB60C10096F033 /* AppDelegate.swift */,
				838742D829AB60C10096F033 /* SceneDelegate.swift */,
				838742DA29AB60C10096F033 /* ViewController.swift */,
				835E3DD129ACBE030076FAD2 /* CreateNoteViewController.swift */,
				838742DC29AB60C10096F033 /* Main.storyboard */,
				838742E229AB60C40096F033 /* Assets.xcassets */,
				838742E429AB60C40096F033 /* LaunchScreen.storyboard */,
				838742E729AB60C40096F033 /* Info.plist */,
				838742DF29AB60C10096F033 /* TestCFT.xcdatamodeld */,
			);
			path = TestCFT;
			sourceTree = "<group>";
		};
		A53E81AFF98702F7A3888E54 /* Frameworks */ = {
			isa = PBXGroup;
			children = (
				A9C3424A2E1B61BD6396798F /* Pods_TestCFT.framework */,
			);
			name = Frameworks;
			sourceTree = "<group>";
		};
/* End PBXGroup section */

/* Begin PBXNativeTarget section */
		838742D229AB60C10096F033 /* TestCFT */ = {
			isa = PBXNativeTarget;
			buildConfigurationList = 838742EA29AB60C40096F033 /* Build configuration list for PBXNativeTarget "TestCFT" */;
			buildPhases = (
				3A39D994255E918C7D4649D1 /* [CP] Check Pods Manifest.lock */,
				838742CF29AB60C10096F033 /* Sources */,
				838742D029AB60C10096F033 /* Frameworks */,
				838742D129AB60C10096F033 /* Resources */,
				B1DFB5FBE6E8540FD724895D /* [CP] Embed Pods Frameworks */,
			);
			buildRules = (
			);
			dependencies = (
			);
			name = TestCFT;
			productName = TestCFT;
			productReference = 838742D329AB60C10096F033 /* TestCFT.app */;
			productType = "com.apple.product-type.application";
		};
/* End PBXNativeTarget section */

/* Begin PBXProject section */
		838742CB29AB60C10096F033 /* Project object */ = {
			isa = PBXProject;
			attributes = {
				BuildIndependentTargetsInParallel = 1;
				LastSwiftUpdateCheck = 1320;
				LastUpgradeCheck = 1320;
				TargetAttributes = {
					838742D229AB60C10096F033 = {
						CreatedOnToolsVersion = 13.2.1;
					};
				};
			};
			buildConfigurationList = 838742CE29AB60C10096F033 /* Build configuration list for PBXProject "TestCFT" */;
			compatibilityVersion = "Xcode 13.0";
			developmentRegion = en;
			hasScannedForEncodings = 0;
			knownRegions = (
				en,
				Base,
			);
			mainGroup = 838742CA29AB60C10096F033;
			productRefGroup = 838742D429AB60C10096F033 /* Products */;
			projectDirPath = "";
			projectRoot = "";
			targets = (
				838742D229AB60C10096F033 /* TestCFT */,
			);
		};
/* End PBXProject section */

/* Begin PBXResourcesBuildPhase section */
		838742D129AB60C10096F033 /* Resources */ = {
			isa = PBXResourcesBuildPhase;
			buildActionMask = 2147483647;
			files = (
				838742E629AB60C40096F033 /* LaunchScreen.storyboard in Resources */,
				838742E329AB60C40096F033 /* Assets.xcassets in Resources */,
				838742DE29AB60C10096F033 /* Main.storyboard in Resources */,
			);
			runOnlyForDeploymentPostprocessing = 0;
		};
/* End PBXResourcesBuildPhase section */

/* Begin PBXShellScriptBuildPhase section */
		3A39D994255E918C7D4649D1 /* [CP] Check Pods Manifest.lock */ = {
			isa = PBXShellScriptBuildPhase;
			buildActionMask = 2147483647;
			files = (
			);
			inputFileListPaths = (
			);
			inputPaths = (
				"${PODS_PODFILE_DIR_PATH}/Podfile.lock",
				"${PODS_ROOT}/Manifest.lock",
			);
			name = "[CP] Check Pods Manifest.lock";
			outputFileListPaths = (
			);
			outputPaths = (
				"$(DERIVED_FILE_DIR)/Pods-TestCFT-checkManifestLockResult.txt",
			);
			runOnlyForDeploymentPostprocessing = 0;
			shellPath = /bin/sh;
			shellScript = "diff \"${PODS_PODFILE_DIR_PATH}/Podfile.lock\" \"${PODS_ROOT}/Manifest.lock\" > /dev/null\nif [ $? != 0 ] ; then\n    # print error to STDERR\n    echo \"error: The sandbox is not in sync with the Podfile.lock. Run 'pod install' or update your CocoaPods installation.\" >&2\n    exit 1\nfi\n# This output is used by Xcode 'outputs' to avoid re-running this script phase.\necho \"SUCCESS\" > \"${SCRIPT_OUTPUT_FILE_0}\"\n";
			showEnvVarsInLog = 0;
		};
		B1DFB5FBE6E8540FD724895D /* [CP] Embed Pods Frameworks */ = {
			isa = PBXShellScriptBuildPhase;
			buildActionMask = 2147483647;
			files = (
			);
			inputFileListPaths = (
				"${PODS_ROOT}/Target Support Files/Pods-TestCFT/Pods-TestCFT-frameworks-${CONFIGURATION}-input-files.xcfilelist",
			);
			name = "[CP] Embed Pods Frameworks";
			outputFileListPaths = (
				"${PODS_ROOT}/Target Support Files/Pods-TestCFT/Pods-TestCFT-frameworks-${CONFIGURATION}-output-files.xcfilelist",
			);
			runOnlyForDeploymentPostprocessing = 0;
			shellPath = /bin/sh;
			shellScript = "\"${PODS_ROOT}/Target Support Files/Pods-TestCFT/Pods-TestCFT-frameworks.sh\"\n";
			showEnvVarsInLog = 0;
		};
/* End PBXShellScriptBuildPhase section */

/* Begin PBXSourcesBuildPhase section */
		838742CF29AB60C10096F033 /* Sources */ = {
			isa = PBXSourcesBuildPhase;
			buildActionMask = 2147483647;
			files = (
				838742DB29AB60C10096F033 /* ViewController.swift in Sources */,
				838742E129AB60C10096F033 /* TestCFT.xcdatamodeld in Sources */,
				838742D729AB60C10096F033 /* AppDelegate.swift in Sources */,
				835E3DD229ACBE030076FAD2 /* CreateNoteViewController.swift in Sources */,
				838742D929AB60C10096F033 /* SceneDelegate.swift in Sources */,
			);
			runOnlyForDeploymentPostprocessing = 0;
		};
/* End PBXSourcesBuildPhase section */

/* Begin PBXVariantGroup section */
		838742DC29AB60C10096F033 /* Main.storyboard */ = {
			isa = PBXVariantGroup;
			children = (
				838742DD29AB60C10096F033 /* Base */,
			);
			name = Main.storyboard;
			sourceTree = "<group>";
		};
		838742E429AB60C40096F033 /* LaunchScreen.storyboard */ = {
			isa = PBXVariantGroup;
			children = (
				838742E529AB60C40096F033 /* Base */,
			);
			name = LaunchScreen.storyboard;
			sourceTree = "<group>";
		};
/* End PBXVariantGroup section */

/* Begin XCBuildConfiguration section */
		838742E829AB60C40096F033 /* Debug */ = {
			isa = XCBuildConfiguration;
			buildSettings = {
				ALWAYS_SEARCH_USER_PATHS = NO;
				CLANG_ANALYZER_NONNULL = YES;
				CLANG_ANALYZER_NUMBER_OBJECT_CONVERSION = YES_AGGRESSIVE;
				CLANG_CXX_LANGUAGE_STANDARD = "gnu++17";
				CLANG_CXX_LIBRARY = "libc++";
				CLANG_ENABLE_MODULES = YES;
				CLANG_ENABLE_OBJC_ARC = YES;
				CLANG_ENABLE_OBJC_WEAK = YES;
				CLANG_WARN_BLOCK_CAPTURE_AUTORELEASING = YES;
				CLANG_WARN_BOOL_CONVERSION = YES;
				CLANG_WARN_COMMA = YES;
				CLANG_WARN_CONSTANT_CONVERSION = YES;
				CLANG_WARN_DEPRECATED_OBJC_IMPLEMENTATIONS = YES;
				CLANG_WARN_DIRECT_OBJC_ISA_USAGE = YES_ERROR;
				CLANG_WARN_DOCUMENTATION_COMMENTS = YES;
				CLANG_WARN_EMPTY_BODY = YES;
				CLANG_WARN_ENUM_CONVERSION = YES;
				CLANG_WARN_INFINITE_RECURSION = YES;
				CLANG_WARN_INT_CONVERSION = YES;
				CLANG_WARN_NON_LITERAL_NULL_CONVERSION = YES;
				CLANG_WARN_OBJC_IMPLICIT_RETAIN_SELF = YES;
				CLANG_WARN_OBJC_LITERAL_CONVERSION = YES;
				CLANG_WARN_OBJC_ROOT_CLASS = YES_ERROR;
				CLANG_WARN_QUOTED_INCLUDE_IN_FRAMEWORK_HEADER = YES;
				CLANG_WARN_RANGE_LOOP_ANALYSIS = YES;
				CLANG_WARN_STRICT_PROTOTYPES = YES;
				CLANG_WARN_SUSPICIOUS_MOVE = YES;
				CLANG_WARN_UNGUARDED_AVAILABILITY = YES_AGGRESSIVE;
				CLANG_WARN_UNREACHABLE_CODE = YES;
				CLANG_WARN__DUPLICATE_METHOD_MATCH = YES;
				COPY_PHASE_STRIP = NO;
				DEBUG_INFORMATION_FORMAT = dwarf;
				ENABLE_STRICT_OBJC_MSGSEND = YES;
				ENABLE_TESTABILITY = YES;
				GCC_C_LANGUAGE_STANDARD = gnu11;
				GCC_DYNAMIC_NO_PIC = NO;
				GCC_NO_COMMON_BLOCKS = YES;
				GCC_OPTIMIZATION_LEVEL = 0;
				GCC_PREPROCESSOR_DEFINITIONS = (
					"DEBUG=1",
					"$(inherited)",
				);
				GCC_WARN_64_TO_32_BIT_CONVERSION = YES;
				GCC_WARN_ABOUT_RETURN_TYPE = YES_ERROR;
				GCC_WARN_UNDECLARED_SELECTOR = YES;
				GCC_WARN_UNINITIALIZED_AUTOS = YES_AGGRESSIVE;
				GCC_WARN_UNUSED_FUNCTION = YES;
				GCC_WARN_UNUSED_VARIABLE = YES;
				IPHONEOS_DEPLOYMENT_TARGET = 15.2;
				MTL_ENABLE_DEBUG_INFO = INCLUDE_SOURCE;
				MTL_FAST_MATH = YES;
				ONLY_ACTIVE_ARCH = YES;
				SDKROOT = iphoneos;
				SWIFT_ACTIVE_COMPILATION_CONDITIONS = DEBUG;
				SWIFT_OPTIMIZATION_LEVEL = "-Onone";
			};
			name = Debug;
		};
		838742E929AB60C40096F033 /* Release */ = {
			isa = XCBuildConfiguration;
			buildSettings = {
				ALWAYS_SEARCH_USER_PATHS = NO;
				CLANG_ANALYZER_NONNULL = YES;
				CLANG_ANALYZER_NUMBER_OBJECT_CONVERSION = YES_AGGRESSIVE;
				CLANG_CXX_LANGUAGE_STANDARD = "gnu++17";
				CLANG_CXX_LIBRARY = "libc++";
				CLANG_ENABLE_MODULES = YES;
				CLANG_ENABLE_OBJC_ARC = YES;
				CLANG_ENABLE_OBJC_WEAK = YES;
				CLANG_WARN_BLOCK_CAPTURE_AUTORELEASING = YES;
				CLANG_WARN_BOOL_CONVERSION = YES;
				CLANG_WARN_COMMA = YES;
				CLANG_WARN_CONSTANT_CONVERSION = YES;
				CLANG_WARN_DEPRECATED_OBJC_IMPLEMENTATIONS = YES;
				CLANG_WARN_DIRECT_OBJC_ISA_USAGE = YES_ERROR;
				CLANG_WARN_DOCUMENTATION_COMMENTS = YES;
				CLANG_WARN_EMPTY_BODY = YES;
				CLANG_WARN_ENUM_CONVERSION = YES;
				CLANG_WARN_INFINITE_RECURSION = YES;
				CLANG_WARN_INT_CONVERSION = YES;
				CLANG_WARN_NON_LITERAL_NULL_CONVERSION = YES;
				CLANG_WARN_OBJC_IMPLICIT_RETAIN_SELF = YES;
				CLANG_WARN_OBJC_LITERAL_CONVERSION = YES;
				CLANG_WARN_OBJC_ROOT_CLASS = YES_ERROR;
				CLANG_WARN_QUOTED_INCLUDE_IN_FRAMEWORK_HEADER = YES;
				CLANG_WARN_RANGE_LOOP_ANALYSIS = YES;
				CLANG_WARN_STRICT_PROTOTYPES = YES;
				CLANG_WARN_SUSPICIOUS_MOVE = YES;
				CLANG_WARN_UNGUARDED_AVAILABILITY = YES_AGGRESSIVE;
				CLANG_WARN_UNREACHABLE_CODE = YES;
				CLANG_WARN__DUPLICATE_METHOD_MATCH = YES;
				COPY_PHASE_STRIP = NO;
				DEBUG_INFORMATION_FORMAT = "dwarf-with-dsym";
				ENABLE_NS_ASSERTIONS = NO;
				ENABLE_STRICT_OBJC_MSGSEND = YES;
				GCC_C_LANGUAGE_STANDARD = gnu11;
				GCC_NO_COMMON_BLOCKS = YES;
				GCC_WARN_64_TO_32_BIT_CONVERSION = YES;
				GCC_WARN_ABOUT_RETURN_TYPE = YES_ERROR;
				GCC_WARN_UNDECLARED_SELECTOR = YES;
				GCC_WARN_UNINITIALIZED_AUTOS = YES_AGGRESSIVE;
				GCC_WARN_UNUSED_FUNCTION = YES;
				GCC_WARN_UNUSED_VARIABLE = YES;
				IPHONEOS_DEPLOYMENT_TARGET = 15.2;
				MTL_ENABLE_DEBUG_INFO = NO;
				MTL_FAST_MATH = YES;
				SDKROOT = iphoneos;
				SWIFT_COMPILATION_MODE = wholemodule;
				SWIFT_OPTIMIZATION_LEVEL = "-O";
				VALIDATE_PRODUCT = YES;
			};
			name = Release;
		};
		838742EB29AB60C40096F033 /* Debug */ = {
			isa = XCBuildConfiguration;
			baseConfigurationReference = 124424E7C72D8957862D106B /* Pods-TestCFT.debug.xcconfig */;
			buildSettings = {
				ASSETCATALOG_COMPILER_APPICON_NAME = AppIcon;
				ASSETCATALOG_COMPILER_GLOBAL_ACCENT_COLOR_NAME = AccentColor;
				CODE_SIGN_STYLE = Automatic;
				CURRENT_PROJECT_VERSION = 1;
				DEVELOPMENT_TEAM = XJ2GHDKS2G;
				GENERATE_INFOPLIST_FILE = YES;
				INFOPLIST_FILE = TestCFT/Info.plist;
				INFOPLIST_KEY_UIApplicationSupportsIndirectInputEvents = YES;
				INFOPLIST_KEY_UILaunchStoryboardName = LaunchScreen;
				INFOPLIST_KEY_UIMainStoryboardFile = Main;
				INFOPLIST_KEY_UISupportedInterfaceOrientations_iPad = "UIInterfaceOrientationPortrait UIInterfaceOrientationPortraitUpsideDown UIInterfaceOrientationLandscapeLeft UIInterfaceOrientationLandscapeRight";
				INFOPLIST_KEY_UISupportedInterfaceOrientations_iPhone = "UIInterfaceOrientationPortrait UIInterfaceOrientationLandscapeLeft UIInterfaceOrientationLandscapeRight";
				LD_RUNPATH_SEARCH_PATHS = (
					"$(inherited)",
					"@executable_path/Frameworks",
				);
				MARKETING_VERSION = 1.0;
				PRODUCT_BUNDLE_IDENTIFIER = skillbox.TestCFT;
				PRODUCT_NAME = "$(TARGET_NAME)";
				SWIFT_EMIT_LOC_STRINGS = YES;
				SWIFT_VERSION = 5.0;
				TARGETED_DEVICE_FAMILY = "1,2";
			};
			name = Debug;
		};
		838742EC29AB60C40096F033 /* Release */ = {
			isa = XCBuildConfiguration;
			baseConfigurationReference = E8AEE782B36DA8305B7C3889 /* Pods-TestCFT.release.xcconfig */;
			buildSettings = {
				ASSETCATALOG_COMPILER_APPICON_NAME = AppIcon;
				ASSETCATALOG_COMPILER_GLOBAL_ACCENT_COLOR_NAME = AccentColor;
				CODE_SIGN_STYLE = Automatic;
				CURRENT_PROJECT_VERSION = 1;
				DEVELOPMENT_TEAM = XJ2GHDKS2G;
				GENERATE_INFOPLIST_FILE = YES;
				INFOPLIST_FILE = TestCFT/Info.plist;
				INFOPLIST_KEY_UIApplicationSupportsIndirectInputEvents = YES;
				INFOPLIST_KEY_UILaunchStoryboardName = LaunchScreen;
				INFOPLIST_KEY_UIMainStoryboardFile = Main;
				INFOPLIST_KEY_UISupportedInterfaceOrientations_iPad = "UIInterfaceOrientationPortrait UIInterfaceOrientationPortraitUpsideDown UIInterfaceOrientationLandscapeLeft UIInterfaceOrientationLandscapeRight";
				INFOPLIST_KEY_UISupportedInterfaceOrientations_iPhone = "UIInterfaceOrientationPortrait UIInterfaceOrientationLandscapeLeft UIInterfaceOrientationLandscapeRight";
				LD_RUNPATH_SEARCH_PATHS = (
					"$(inherited)",
					"@executable_path/Frameworks",
				);
				MARKETING_VERSION = 1.0;
				PRODUCT_BUNDLE_IDENTIFIER = skillbox.TestCFT;
				PRODUCT_NAME = "$(TARGET_NAME)";
				SWIFT_EMIT_LOC_STRINGS = YES;
				SWIFT_VERSION = 5.0;
				TARGETED_DEVICE_FAMILY = "1,2";
			};
			name = Release;
		};
/* End XCBuildConfiguration section */

/* Begin XCConfigurationList section */
		838742CE29AB60C10096F033 /* Build configuration list for PBXProject "TestCFT" */ = {
			isa = XCConfigurationList;
			buildConfigurations = (
				838742E829AB60C40096F033 /* Debug */,
				838742E929AB60C40096F033 /* Release */,
			);
			defaultConfigurationIsVisible = 0;
			defaultConfigurationName = Release;
		};
		838742EA29AB60C40096F033 /* Build configuration list for PBXNativeTarget "TestCFT" */ = {
			isa = XCConfigurationList;
			buildConfigurations = (
				838742EB29AB60C40096F033 /* Debug */,
				838742EC29AB60C40096F033 /* Release */,
			);
			defaultConfigurationIsVisible = 0;
			defaultConfigurationName = Release;
		};
/* End XCConfigurationList section */

/* Begin XCVersionGroup section */
		838742DF29AB60C10096F033 /* TestCFT.xcdatamodeld */ = {
			isa = XCVersionGroup;
			children = (
				838742E029AB60C10096F033 /* TestCFT.xcdatamodel */,
			);
			currentVersion = 838742E029AB60C10096F033 /* TestCFT.xcdatamodel */;
			path = TestCFT.xcdatamodeld;
			sourceTree = "<group>";
			versionGroupType = wrapper.xcdatamodel;
		};
/* End XCVersionGroup section */
	};
	rootObject = 838742CB29AB60C10096F033 /* Project object */;
}
